{
  "name": "angular-ngrx",
  "version": "0.0.0",
  "lockfileVersion": 1,
  "requires": true,
  "dependencies": {
    "@ngrx/core": {
      "version": "1.2.0",
      "resolved": "https://registry.npmjs.org/@ngrx/core/-/core-1.2.0.tgz",
      "integrity": "sha1-iCtGq6+i4ObYh8txobLC+j5tDcY="
    },
    "@ngrx/effects": {
      "version": "7.2.0",
      "resolved": "https://registry.npmjs.org/@ngrx/effects/-/effects-7.2.0.tgz",
      "integrity": "sha512-vymKSoubYlUWGbiclPK0N/LwB409sB9atjSTQRy2EisZfFtQ2tCDqmk4JGgDy/gV9SqZWrwPSy1xXsLqYnyN3g=="
    },
    "@ngrx/router-store": {
      "version": "7.2.0",
      "resolved": "https://registry.npmjs.org/@ngrx/router-store/-/router-store-7.2.0.tgz",
      "integrity": "sha512-deXDZg4FffuqxlFXqAaR8+lEy4yCJgTmKn2avKHltF3GP+8bxIRiD6GDCYjYJVhLFiBK8U3AFhgfoEuUUpFCag=="
    },
    "@ngrx/store": {
      "version": "7.2.0",
      "resolved": "https://registry.npmjs.org/@ngrx/store/-/store-7.2.0.tgz",
      "integrity": "sha512-E9c0cDot0HeE0mXyeqw18SwmJ2+eKnA5mMMfwvoskpMInCYGI2pq1i6/lCVQ2wrEHSH+KvObK4PQbepcA9vP+w=="
    },
    "@ngrx/store-devtools": {
      "version": "7.2.0",
      "resolved": "https://registry.npmjs.org/@ngrx/store-devtools/-/store-devtools-7.2.0.tgz",
      "integrity": "sha512-t+8K1IG8+MvFqLIuRSM+ZE1EkZIuUExJ0JsqZR4r4K3MRPRoGy1ZqlStBWYaYLumEToesiCOGxuJYQ4zyVwlZg=="
    }
  }
}
